
Microsoft Visual Studio Solution File, Format Version 12.00
# Visual Studio 2013
VisualStudioVersion = 12.0.21005.1
MinimumVisualStudioVersion = 10.0.40219.1
Project("{FAE04EC0-301F-11D3-BF4B-00C04F79EFBC}") = "Point.com.UnitTest", "Point.com.UnitTest\Point.com.UnitTest.csproj", "{13E95164-8A2E-4138-9165-46906AE9C905}"
	ProjectSection(ProjectDependencies) = postProject
		{45C96F3C-32E0-4692-A2AE-E97532D6117C} = {45C96F3C-32E0-4692-A2AE-E97532D6117C}
		{05A8F14C-E89F-4267-88EB-FA751C81B4D7} = {05A8F14C-E89F-4267-88EB-FA751C81B4D7}
		{315CCB66-AB17-4893-8602-A331B4D0DFD6} = {315CCB66-AB17-4893-8602-A331B4D0DFD6}
	EndProjectSection
EndProject
Project("{FAE04EC0-301F-11D3-BF4B-00C04F79EFBC}") = "Point.com.Template4", "Point.com.Template4\Point.com.Template4.csproj", "{056C57F3-AFDC-4CE9-AFCF-E1671E77ACC7}"
EndProject
Project("{FAE04EC0-301F-11D3-BF4B-00C04F79EFBC}") = "Point.com.ServiceModel", "Point.com.ServiceModel\Point.com.ServiceModel.csproj", "{85D82190-D0C8-48A8-843B-0F642099AB58}"
EndProject
Project("{FAE04EC0-301F-11D3-BF4B-00C04F79EFBC}") = "Point.com.ServiceInterface", "Point.com.ServiceInterface\Point.com.ServiceInterface.csproj", "{05A8F14C-E89F-4267-88EB-FA751C81B4D7}"
	ProjectSection(ProjectDependencies) = postProject
		{DD9F6FE5-5D6C-4397-9145-7EA80CF9B1CA} = {DD9F6FE5-5D6C-4397-9145-7EA80CF9B1CA}
	EndProjectSection
EndProject
Project("{FAE04EC0-301F-11D3-BF4B-00C04F79EFBC}") = "Point.com.ServiceImplement", "Point.com.ServiceImplement\Point.com.ServiceImplement.csproj", "{97B44FB6-09C5-4E88-8D5E-5146DC3AA7C9}"
	ProjectSection(ProjectDependencies) = postProject
		{B361DC11-ED56-49BF-9D1D-0357F3E2E053} = {B361DC11-ED56-49BF-9D1D-0357F3E2E053}
		{45C96F3C-32E0-4692-A2AE-E97532D6117C} = {45C96F3C-32E0-4692-A2AE-E97532D6117C}
		{05A8F14C-E89F-4267-88EB-FA751C81B4D7} = {05A8F14C-E89F-4267-88EB-FA751C81B4D7}
		{80F108B8-A8EB-49FF-8052-28B262068086} = {80F108B8-A8EB-49FF-8052-28B262068086}
		{EB3299DE-2D08-4A75-ADEF-49F43C011EBE} = {EB3299DE-2D08-4A75-ADEF-49F43C011EBE}
		{1511B9E2-F87B-4291-B95A-C6771B8874FC} = {1511B9E2-F87B-4291-B95A-C6771B8874FC}
		{DD9F6FE5-5D6C-4397-9145-7EA80CF9B1CA} = {DD9F6FE5-5D6C-4397-9145-7EA80CF9B1CA}
		{84CBCCE6-341D-4C1D-98F5-266D976E1DDA} = {84CBCCE6-341D-4C1D-98F5-266D976E1DDA}
	EndProjectSection
EndProject
Project("{FAE04EC0-301F-11D3-BF4B-00C04F79EFBC}") = "Point.com.ServiceContainer", "Point.com.ServiceContainer\Point.com.ServiceContainer.csproj", "{A68C8C88-7925-4FBE-B4D9-733F4F5D93F7}"
	ProjectSection(ProjectDependencies) = postProject
		{05A8F14C-E89F-4267-88EB-FA751C81B4D7} = {05A8F14C-E89F-4267-88EB-FA751C81B4D7}
		{97B44FB6-09C5-4E88-8D5E-5146DC3AA7C9} = {97B44FB6-09C5-4E88-8D5E-5146DC3AA7C9}
	EndProjectSection
EndProject
Project("{FAE04EC0-301F-11D3-BF4B-00C04F79EFBC}") = "Point.com.RepositoryFactory", "Point.com.RepositoryFactory\Point.com.RepositoryFactory.csproj", "{84CBCCE6-341D-4C1D-98F5-266D976E1DDA}"
	ProjectSection(ProjectDependencies) = postProject
		{45C96F3C-32E0-4692-A2AE-E97532D6117C} = {45C96F3C-32E0-4692-A2AE-E97532D6117C}
		{3D9C336B-E37A-4B6C-98F3-6D276C1FD4FB} = {3D9C336B-E37A-4B6C-98F3-6D276C1FD4FB}
		{DD9F6FE5-5D6C-4397-9145-7EA80CF9B1CA} = {DD9F6FE5-5D6C-4397-9145-7EA80CF9B1CA}
	EndProjectSection
EndProject
Project("{FAE04EC0-301F-11D3-BF4B-00C04F79EFBC}") = "Point.com.Repository", "Point.com.Repository\Point.com.Repository.csproj", "{3D9C336B-E37A-4B6C-98F3-6D276C1FD4FB}"
	ProjectSection(ProjectDependencies) = postProject
		{45C96F3C-32E0-4692-A2AE-E97532D6117C} = {45C96F3C-32E0-4692-A2AE-E97532D6117C}
		{EB3299DE-2D08-4A75-ADEF-49F43C011EBE} = {EB3299DE-2D08-4A75-ADEF-49F43C011EBE}
		{DD9F6FE5-5D6C-4397-9145-7EA80CF9B1CA} = {DD9F6FE5-5D6C-4397-9145-7EA80CF9B1CA}
	EndProjectSection
EndProject
Project("{FAE04EC0-301F-11D3-BF4B-00C04F79EFBC}") = "Point.com.Logging", "Point.com.Logging\Point.com.Logging.csproj", "{80F108B8-A8EB-49FF-8052-28B262068086}"
	ProjectSection(ProjectDependencies) = postProject
		{EB3299DE-2D08-4A75-ADEF-49F43C011EBE} = {EB3299DE-2D08-4A75-ADEF-49F43C011EBE}
	EndProjectSection
EndProject
Project("{FAE04EC0-301F-11D3-BF4B-00C04F79EFBC}") = "Point.com.IRepository", "Point.com.IRepository\Point.com.IRepository.csproj", "{45C96F3C-32E0-4692-A2AE-E97532D6117C}"
	ProjectSection(ProjectDependencies) = postProject
		{DD9F6FE5-5D6C-4397-9145-7EA80CF9B1CA} = {DD9F6FE5-5D6C-4397-9145-7EA80CF9B1CA}
	EndProjectSection
EndProject
Project("{FAE04EC0-301F-11D3-BF4B-00C04F79EFBC}") = "Point.com.Host", "Point.com.Host\Point.com.Host.csproj", "{9E4DBF08-17FE-47C0-86F2-03B815155316}"
	ProjectSection(ProjectDependencies) = postProject
		{315CCB66-AB17-4893-8602-A331B4D0DFD6} = {315CCB66-AB17-4893-8602-A331B4D0DFD6}
		{A68C8C88-7925-4FBE-B4D9-733F4F5D93F7} = {A68C8C88-7925-4FBE-B4D9-733F4F5D93F7}
		{80F108B8-A8EB-49FF-8052-28B262068086} = {80F108B8-A8EB-49FF-8052-28B262068086}
		{EB3299DE-2D08-4A75-ADEF-49F43C011EBE} = {EB3299DE-2D08-4A75-ADEF-49F43C011EBE}
		{DD9F6FE5-5D6C-4397-9145-7EA80CF9B1CA} = {DD9F6FE5-5D6C-4397-9145-7EA80CF9B1CA}
	EndProjectSection
EndProject
Project("{FAE04EC0-301F-11D3-BF4B-00C04F79EFBC}") = "Point.com.Facade", "Point.com.Facade\Point.com.Facade.csproj", "{315CCB66-AB17-4893-8602-A331B4D0DFD6}"
	ProjectSection(ProjectDependencies) = postProject
		{B361DC11-ED56-49BF-9D1D-0357F3E2E053} = {B361DC11-ED56-49BF-9D1D-0357F3E2E053}
		{05A8F14C-E89F-4267-88EB-FA751C81B4D7} = {05A8F14C-E89F-4267-88EB-FA751C81B4D7}
		{A68C8C88-7925-4FBE-B4D9-733F4F5D93F7} = {A68C8C88-7925-4FBE-B4D9-733F4F5D93F7}
		{85D82190-D0C8-48A8-843B-0F642099AB58} = {85D82190-D0C8-48A8-843B-0F642099AB58}
		{80F108B8-A8EB-49FF-8052-28B262068086} = {80F108B8-A8EB-49FF-8052-28B262068086}
		{EB3299DE-2D08-4A75-ADEF-49F43C011EBE} = {EB3299DE-2D08-4A75-ADEF-49F43C011EBE}
		{1511B9E2-F87B-4291-B95A-C6771B8874FC} = {1511B9E2-F87B-4291-B95A-C6771B8874FC}
		{DD9F6FE5-5D6C-4397-9145-7EA80CF9B1CA} = {DD9F6FE5-5D6C-4397-9145-7EA80CF9B1CA}
	EndProjectSection
EndProject
Project("{FAE04EC0-301F-11D3-BF4B-00C04F79EFBC}") = "Point.com.Common", "Point.com.Common\Point.com.Common.csproj", "{EB3299DE-2D08-4A75-ADEF-49F43C011EBE}"
EndProject
Project("{FAE04EC0-301F-11D3-BF4B-00C04F79EFBC}") = "Point.com.Caching", "Point.com.Caching\Point.com.Caching.csproj", "{B361DC11-ED56-49BF-9D1D-0357F3E2E053}"
EndProject
Project("{FAE04EC0-301F-11D3-BF4B-00C04F79EFBC}") = "Point.com.Assembler", "Point.com.Assembler\Point.com.Assembler.csproj", "{1511B9E2-F87B-4291-B95A-C6771B8874FC}"
EndProject
Project("{FAE04EC0-301F-11D3-BF4B-00C04F79EFBC}") = "Point.com.Model", "Point.com.Model\Point.com.Model.csproj", "{DD9F6FE5-5D6C-4397-9145-7EA80CF9B1CA}"
EndProject
Project("{2150E333-8FDC-42A3-9474-1A3956D46DE8}") = "1 SOA", "1 SOA", "{4017E14D-A38F-45BF-84AD-F84D892ADFE5}"
EndProject
Project("{2150E333-8FDC-42A3-9474-1A3956D46DE8}") = "2 Application", "2 Application", "{8A70CB9D-0DF7-41D0-BC07-AB9CDC4FFFA5}"
EndProject
Project("{2150E333-8FDC-42A3-9474-1A3956D46DE8}") = "3 Domain", "3 Domain", "{84DBE5CD-9113-4308-8CC2-0D15D1E448B7}"
EndProject
Project("{2150E333-8FDC-42A3-9474-1A3956D46DE8}") = "4 Repository", "4 Repository", "{71661ECC-FAF0-40DC-A337-8081F8BB8472}"
EndProject
Project("{2150E333-8FDC-42A3-9474-1A3956D46DE8}") = "5 Infrastructure", "5 Infrastructure", "{CE86B568-23F3-4806-98CA-8F3281316A64}"
EndProject
Project("{2150E333-8FDC-42A3-9474-1A3956D46DE8}") = "6 UnitTest", "6 UnitTest", "{ED0281F7-4F05-4B08-BD89-FBB137CE98A2}"
EndProject
Global
	GlobalSection(SolutionConfigurationPlatforms) = preSolution
		Debug|Any CPU = Debug|Any CPU
		Release|Any CPU = Release|Any CPU
	EndGlobalSection
	GlobalSection(ProjectConfigurationPlatforms) = postSolution
		{13E95164-8A2E-4138-9165-46906AE9C905}.Debug|Any CPU.ActiveCfg = Debug|Any CPU
		{13E95164-8A2E-4138-9165-46906AE9C905}.Debug|Any CPU.Build.0 = Debug|Any CPU
		{13E95164-8A2E-4138-9165-46906AE9C905}.Release|Any CPU.ActiveCfg = Release|Any CPU
		{13E95164-8A2E-4138-9165-46906AE9C905}.Release|Any CPU.Build.0 = Release|Any CPU
		{056C57F3-AFDC-4CE9-AFCF-E1671E77ACC7}.Debug|Any CPU.ActiveCfg = Debug|Any CPU
		{056C57F3-AFDC-4CE9-AFCF-E1671E77ACC7}.Debug|Any CPU.Build.0 = Debug|Any CPU
		{056C57F3-AFDC-4CE9-AFCF-E1671E77ACC7}.Release|Any CPU.ActiveCfg = Release|Any CPU
		{056C57F3-AFDC-4CE9-AFCF-E1671E77ACC7}.Release|Any CPU.Build.0 = Release|Any CPU
		{85D82190-D0C8-48A8-843B-0F642099AB58}.Debug|Any CPU.ActiveCfg = Debug|Any CPU
		{85D82190-D0C8-48A8-843B-0F642099AB58}.Debug|Any CPU.Build.0 = Debug|Any CPU
		{85D82190-D0C8-48A8-843B-0F642099AB58}.Release|Any CPU.ActiveCfg = Release|Any CPU
		{85D82190-D0C8-48A8-843B-0F642099AB58}.Release|Any CPU.Build.0 = Release|Any CPU
		{05A8F14C-E89F-4267-88EB-FA751C81B4D7}.Debug|Any CPU.ActiveCfg = Debug|Any CPU
		{05A8F14C-E89F-4267-88EB-FA751C81B4D7}.Debug|Any CPU.Build.0 = Debug|Any CPU
		{05A8F14C-E89F-4267-88EB-FA751C81B4D7}.Release|Any CPU.ActiveCfg = Release|Any CPU
		{05A8F14C-E89F-4267-88EB-FA751C81B4D7}.Release|Any CPU.Build.0 = Release|Any CPU
		{97B44FB6-09C5-4E88-8D5E-5146DC3AA7C9}.Debug|Any CPU.ActiveCfg = Debug|Any CPU
		{97B44FB6-09C5-4E88-8D5E-5146DC3AA7C9}.Debug|Any CPU.Build.0 = Debug|Any CPU
		{97B44FB6-09C5-4E88-8D5E-5146DC3AA7C9}.Release|Any CPU.ActiveCfg = Release|Any CPU
		{97B44FB6-09C5-4E88-8D5E-5146DC3AA7C9}.Release|Any CPU.Build.0 = Release|Any CPU
		{A68C8C88-7925-4FBE-B4D9-733F4F5D93F7}.Debug|Any CPU.ActiveCfg = Debug|Any CPU
		{A68C8C88-7925-4FBE-B4D9-733F4F5D93F7}.Debug|Any CPU.Build.0 = Debug|Any CPU
		{A68C8C88-7925-4FBE-B4D9-733F4F5D93F7}.Release|Any CPU.ActiveCfg = Release|Any CPU
		{A68C8C88-7925-4FBE-B4D9-733F4F5D93F7}.Release|Any CPU.Build.0 = Release|Any CPU
		{84CBCCE6-341D-4C1D-98F5-266D976E1DDA}.Debug|Any CPU.ActiveCfg = Debug|Any CPU
		{84CBCCE6-341D-4C1D-98F5-266D976E1DDA}.Debug|Any CPU.Build.0 = Debug|Any CPU
		{84CBCCE6-341D-4C1D-98F5-266D976E1DDA}.Release|Any CPU.ActiveCfg = Release|Any CPU
		{84CBCCE6-341D-4C1D-98F5-266D976E1DDA}.Release|Any CPU.Build.0 = Release|Any CPU
		{3D9C336B-E37A-4B6C-98F3-6D276C1FD4FB}.Debug|Any CPU.ActiveCfg = Debug|Any CPU
		{3D9C336B-E37A-4B6C-98F3-6D276C1FD4FB}.Debug|Any CPU.Build.0 = Debug|Any CPU
		{3D9C336B-E37A-4B6C-98F3-6D276C1FD4FB}.Release|Any CPU.ActiveCfg = Release|Any CPU
		{3D9C336B-E37A-4B6C-98F3-6D276C1FD4FB}.Release|Any CPU.Build.0 = Release|Any CPU
		{80F108B8-A8EB-49FF-8052-28B262068086}.Debug|Any CPU.ActiveCfg = Debug|Any CPU
		{80F108B8-A8EB-49FF-8052-28B262068086}.Debug|Any CPU.Build.0 = Debug|Any CPU
		{80F108B8-A8EB-49FF-8052-28B262068086}.Release|Any CPU.ActiveCfg = Release|Any CPU
		{80F108B8-A8EB-49FF-8052-28B262068086}.Release|Any CPU.Build.0 = Release|Any CPU
		{45C96F3C-32E0-4692-A2AE-E97532D6117C}.Debug|Any CPU.ActiveCfg = Debug|Any CPU
		{45C96F3C-32E0-4692-A2AE-E97532D6117C}.Debug|Any CPU.Build.0 = Debug|Any CPU
		{45C96F3C-32E0-4692-A2AE-E97532D6117C}.Release|Any CPU.ActiveCfg = Release|Any CPU
		{45C96F3C-32E0-4692-A2AE-E97532D6117C}.Release|Any CPU.Build.0 = Release|Any CPU
		{9E4DBF08-17FE-47C0-86F2-03B815155316}.Debug|Any CPU.ActiveCfg = Debug|Any CPU
		{9E4DBF08-17FE-47C0-86F2-03B815155316}.Debug|Any CPU.Build.0 = Debug|Any CPU
		{9E4DBF08-17FE-47C0-86F2-03B815155316}.Release|Any CPU.ActiveCfg = Release|Any CPU
		{9E4DBF08-17FE-47C0-86F2-03B815155316}.Release|Any CPU.Build.0 = Release|Any CPU
		{315CCB66-AB17-4893-8602-A331B4D0DFD6}.Debug|Any CPU.ActiveCfg = Debug|Any CPU
		{315CCB66-AB17-4893-8602-A331B4D0DFD6}.Debug|Any CPU.Build.0 = Debug|Any CPU
		{315CCB66-AB17-4893-8602-A331B4D0DFD6}.Release|Any CPU.ActiveCfg = Release|Any CPU
		{315CCB66-AB17-4893-8602-A331B4D0DFD6}.Release|Any CPU.Build.0 = Release|Any CPU
		{EB3299DE-2D08-4A75-ADEF-49F43C011EBE}.Debug|Any CPU.ActiveCfg = Debug|Any CPU
		{EB3299DE-2D08-4A75-ADEF-49F43C011EBE}.Debug|Any CPU.Build.0 = Debug|Any CPU
		{EB3299DE-2D08-4A75-ADEF-49F43C011EBE}.Release|Any CPU.ActiveCfg = Release|Any CPU
		{EB3299DE-2D08-4A75-ADEF-49F43C011EBE}.Release|Any CPU.Build.0 = Release|Any CPU
		{B361DC11-ED56-49BF-9D1D-0357F3E2E053}.Debug|Any CPU.ActiveCfg = Debug|Any CPU
		{B361DC11-ED56-49BF-9D1D-0357F3E2E053}.Debug|Any CPU.Build.0 = Debug|Any CPU
		{B361DC11-ED56-49BF-9D1D-0357F3E2E053}.Release|Any CPU.ActiveCfg = Release|Any CPU
		{B361DC11-ED56-49BF-9D1D-0357F3E2E053}.Release|Any CPU.Build.0 = Release|Any CPU
		{1511B9E2-F87B-4291-B95A-C6771B8874FC}.Debug|Any CPU.ActiveCfg = Debug|Any CPU
		{1511B9E2-F87B-4291-B95A-C6771B8874FC}.Debug|Any CPU.Build.0 = Debug|Any CPU
		{1511B9E2-F87B-4291-B95A-C6771B8874FC}.Release|Any CPU.ActiveCfg = Release|Any CPU
		{1511B9E2-F87B-4291-B95A-C6771B8874FC}.Release|Any CPU.Build.0 = Release|Any CPU
		{DD9F6FE5-5D6C-4397-9145-7EA80CF9B1CA}.Debug|Any CPU.ActiveCfg = Debug|Any CPU
		{DD9F6FE5-5D6C-4397-9145-7EA80CF9B1CA}.Debug|Any CPU.Build.0 = Debug|Any CPU
		{DD9F6FE5-5D6C-4397-9145-7EA80CF9B1CA}.Release|Any CPU.ActiveCfg = Release|Any CPU
		{DD9F6FE5-5D6C-4397-9145-7EA80CF9B1CA}.Release|Any CPU.Build.0 = Release|Any CPU
	EndGlobalSection
	GlobalSection(SolutionProperties) = preSolution
		HideSolutionNode = FALSE
	EndGlobalSection
	GlobalSection(NestedProjects) = preSolution
		{13E95164-8A2E-4138-9165-46906AE9C905} = {ED0281F7-4F05-4B08-BD89-FBB137CE98A2}
		{80F108B8-A8EB-49FF-8052-28B262068086} = {CE86B568-23F3-4806-98CA-8F3281316A64}
		{EB3299DE-2D08-4A75-ADEF-49F43C011EBE} = {CE86B568-23F3-4806-98CA-8F3281316A64}
		{B361DC11-ED56-49BF-9D1D-0357F3E2E053} = {CE86B568-23F3-4806-98CA-8F3281316A64}
		{1511B9E2-F87B-4291-B95A-C6771B8874FC} = {CE86B568-23F3-4806-98CA-8F3281316A64}
		{056C57F3-AFDC-4CE9-AFCF-E1671E77ACC7} = {CE86B568-23F3-4806-98CA-8F3281316A64}
		{A68C8C88-7925-4FBE-B4D9-733F4F5D93F7} = {8A70CB9D-0DF7-41D0-BC07-AB9CDC4FFFA5}
		{315CCB66-AB17-4893-8602-A331B4D0DFD6} = {8A70CB9D-0DF7-41D0-BC07-AB9CDC4FFFA5}
		{85D82190-D0C8-48A8-843B-0F642099AB58} = {8A70CB9D-0DF7-41D0-BC07-AB9CDC4FFFA5}
		{97B44FB6-09C5-4E88-8D5E-5146DC3AA7C9} = {84DBE5CD-9113-4308-8CC2-0D15D1E448B7}
		{DD9F6FE5-5D6C-4397-9145-7EA80CF9B1CA} = {84DBE5CD-9113-4308-8CC2-0D15D1E448B7}
		{05A8F14C-E89F-4267-88EB-FA751C81B4D7} = {84DBE5CD-9113-4308-8CC2-0D15D1E448B7}
		{3D9C336B-E37A-4B6C-98F3-6D276C1FD4FB} = {71661ECC-FAF0-40DC-A337-8081F8BB8472}
		{45C96F3C-32E0-4692-A2AE-E97532D6117C} = {71661ECC-FAF0-40DC-A337-8081F8BB8472}
		{84CBCCE6-341D-4C1D-98F5-266D976E1DDA} = {71661ECC-FAF0-40DC-A337-8081F8BB8472}
		{9E4DBF08-17FE-47C0-86F2-03B815155316} = {4017E14D-A38F-45BF-84AD-F84D892ADFE5}
	EndGlobalSection
EndGlobal
